
Microsoft Visual Studio Solution File, Format Version 12.00
# Visual Studio Version 17
VisualStudioVersion = 17.10.35122.118
MinimumVisualStudioVersion = 10.0.40219.1
Project("{9A19103F-16F7-4668-BE54-9A1E7A4F7556}") = "TwainDotNet", "TwainDotNet\TwainDotNet.csproj", "{857B8891-2932-484D-A9A8-D38B47108CF0}"
EndProject
Project("{9A19103F-16F7-4668-BE54-9A1E7A4F7556}") = "TestApp", "TestApp\TestApp.csproj", "{378465E6-6577-41CE-AEA3-DA73541F93A4}"
EndProject
Project("{9A19103F-16F7-4668-BE54-9A1E7A4F7556}") = "TestAppWpf", "TestAppWpf\TestAppWpf.csproj", "{4D85C10D-1DB3-41A0-AD04-EF43DF4F8B56}"
EndProject
Project("{9A19103F-16F7-4668-BE54-9A1E7A4F7556}") = "TwainDotNet.Wpf", "TwainDotNet.Wpf\TwainDotNet.Wpf.csproj", "{E297D5D9-17DD-4FC3-9B7B-DF1A8B28FA5E}"
EndProject
Project("{9A19103F-16F7-4668-BE54-9A1E7A4F7556}") = "TwainDotNet.WinFroms", "TwainDotNet.WinFroms\TwainDotNet.WinFroms.csproj", "{715EED8D-94FE-40ED-B3F7-59284FA6242B}"
EndProject
Project("{778DAE3C-4631-46EA-AA77-85C1314464D9}") = "TestVb", "TestVb\TestVb.vbproj", "{A35B4457-7415-4A1B-94BC-D62E6EDACD51}"
EndProject
Global
	GlobalSection(SolutionConfigurationPlatforms) = preSolution
		Debug|Any CPU = Debug|Any CPU
		Debug|x64 = Debug|x64
		Debug|x86 = Debug|x86
		Release|Any CPU = Release|Any CPU
		Release|x64 = Release|x64
		Release|x86 = Release|x86
	EndGlobalSection
	GlobalSection(ProjectConfigurationPlatforms) = postSolution
		{857B8891-2932-484D-A9A8-D38B47108CF0}.Debug|Any CPU.ActiveCfg = Debug|Any CPU
		{857B8891-2932-484D-A9A8-D38B47108CF0}.Debug|Any CPU.Build.0 = Debug|Any CPU
		{857B8891-2932-484D-A9A8-D38B47108CF0}.Debug|x64.ActiveCfg = Debug|Any CPU
		{857B8891-2932-484D-A9A8-D38B47108CF0}.Debug|x64.Build.0 = Debug|Any CPU
		{857B8891-2932-484D-A9A8-D38B47108CF0}.Debug|x86.ActiveCfg = Debug|Any CPU
		{857B8891-2932-484D-A9A8-D38B47108CF0}.Debug|x86.Build.0 = Debug|Any CPU
		{857B8891-2932-484D-A9A8-D38B47108CF0}.Release|Any CPU.ActiveCfg = Release|Any CPU
		{857B8891-2932-484D-A9A8-D38B47108CF0}.Release|Any CPU.Build.0 = Release|Any CPU
		{857B8891-2932-484D-A9A8-D38B47108CF0}.Release|x64.ActiveCfg = Release|Any CPU
		{857B8891-2932-484D-A9A8-D38B47108CF0}.Release|x64.Build.0 = Release|Any CPU
		{857B8891-2932-484D-A9A8-D38B47108CF0}.Release|x86.ActiveCfg = Release|Any CPU
		{857B8891-2932-484D-A9A8-D38B47108CF0}.Release|x86.Build.0 = Release|Any CPU
		{378465E6-6577-41CE-AEA3-DA73541F93A4}.Debug|Any CPU.ActiveCfg = Debug|Any CPU
		{378465E6-6577-41CE-AEA3-DA73541F93A4}.Debug|Any CPU.Build.0 = Debug|Any CPU
		{378465E6-6577-41CE-AEA3-DA73541F93A4}.Debug|x64.ActiveCfg = Debug|x64
		{378465E6-6577-41CE-AEA3-DA73541F93A4}.Debug|x64.Build.0 = Debug|x64
		{378465E6-6577-41CE-AEA3-DA73541F93A4}.Debug|x86.ActiveCfg = Debug|x86
		{378465E6-6577-41CE-AEA3-DA73541F93A4}.Debug|x86.Build.0 = Debug|x86
		{378465E6-6577-41CE-AEA3-DA73541F93A4}.Release|Any CPU.ActiveCfg = Release|Any CPU
		{378465E6-6577-41CE-AEA3-DA73541F93A4}.Release|Any CPU.Build.0 = Release|Any CPU
		{378465E6-6577-41CE-AEA3-DA73541F93A4}.Release|x64.ActiveCfg = Release|x64
		{378465E6-6577-41CE-AEA3-DA73541F93A4}.Release|x64.Build.0 = Release|x64
		{378465E6-6577-41CE-AEA3-DA73541F93A4}.Release|x86.ActiveCfg = Release|x86
		{378465E6-6577-41CE-AEA3-DA73541F93A4}.Release|x86.Build.0 = Release|x86
		{4D85C10D-1DB3-41A0-AD04-EF43DF4F8B56}.Debug|Any CPU.ActiveCfg = Debug|Any CPU
		{4D85C10D-1DB3-41A0-AD04-EF43DF4F8B56}.Debug|Any CPU.Build.0 = Debug|Any CPU
		{4D85C10D-1DB3-41A0-AD04-EF43DF4F8B56}.Debug|x64.ActiveCfg = Debug|x64
		{4D85C10D-1DB3-41A0-AD04-EF43DF4F8B56}.Debug|x64.Build.0 = Debug|x64
		{4D85C10D-1DB3-41A0-AD04-EF43DF4F8B56}.Debug|x86.ActiveCfg = Debug|x86
		{4D85C10D-1DB3-41A0-AD04-EF43DF4F8B56}.Debug|x86.Build.0 = Debug|x86
		{4D85C10D-1DB3-41A0-AD04-EF43DF4F8B56}.Release|Any CPU.ActiveCfg = Release|Any CPU
		{4D85C10D-1DB3-41A0-AD04-EF43DF4F8B56}.Release|Any CPU.Build.0 = Release|Any CPU
		{4D85C10D-1DB3-41A0-AD04-EF43DF4F8B56}.Release|x64.ActiveCfg = Release|x64
		{4D85C10D-1DB3-41A0-AD04-EF43DF4F8B56}.Release|x64.Build.0 = Release|x64
		{4D85C10D-1DB3-41A0-AD04-EF43DF4F8B56}.Release|x86.ActiveCfg = Release|x86
		{4D85C10D-1DB3-41A0-AD04-EF43DF4F8B56}.Release|x86.Build.0 = Release|x86
		{E297D5D9-17DD-4FC3-9B7B-DF1A8B28FA5E}.Debug|Any CPU.ActiveCfg = Debug|Any CPU
		{E297D5D9-17DD-4FC3-9B7B-DF1A8B28FA5E}.Debug|Any CPU.Build.0 = Debug|Any CPU
		{E297D5D9-17DD-4FC3-9B7B-DF1A8B28FA5E}.Debug|x64.ActiveCfg = Debug|Any CPU
		{E297D5D9-17DD-4FC3-9B7B-DF1A8B28FA5E}.Debug|x64.Build.0 = Debug|Any CPU
		{E297D5D9-17DD-4FC3-9B7B-DF1A8B28FA5E}.Debug|x86.ActiveCfg = Debug|Any CPU
		{E297D5D9-17DD-4FC3-9B7B-DF1A8B28FA5E}.Debug|x86.Build.0 = Debug|Any CPU
		{E297D5D9-17DD-4FC3-9B7B-DF1A8B28FA5E}.Release|Any CPU.ActiveCfg = Release|Any CPU
		{E297D5D9-17DD-4FC3-9B7B-DF1A8B28FA5E}.Release|Any CPU.Build.0 = Release|Any CPU
		{E297D5D9-17DD-4FC3-9B7B-DF1A8B28FA5E}.Release|x64.ActiveCfg = Release|Any CPU
		{E297D5D9-17DD-4FC3-9B7B-DF1A8B28FA5E}.Release|x64.Build.0 = Release|Any CPU
		{E297D5D9-17DD-4FC3-9B7B-DF1A8B28FA5E}.Release|x86.ActiveCfg = Release|Any CPU
		{E297D5D9-17DD-4FC3-9B7B-DF1A8B28FA5E}.Release|x86.Build.0 = Release|Any CPU
		{715EED8D-94FE-40ED-B3F7-59284FA6242B}.Debug|Any CPU.ActiveCfg = Debug|Any CPU
		{715EED8D-94FE-40ED-B3F7-59284FA6242B}.Debug|Any CPU.Build.0 = Debug|Any CPU
		{715EED8D-94FE-40ED-B3F7-59284FA6242B}.Debug|x64.ActiveCfg = Debug|Any CPU
		{715EED8D-94FE-40ED-B3F7-59284FA6242B}.Debug|x64.Build.0 = Debug|Any CPU
		{715EED8D-94FE-40ED-B3F7-59284FA6242B}.Debug|x86.ActiveCfg = Debug|Any CPU
		{715EED8D-94FE-40ED-B3F7-59284FA6242B}.Debug|x86.Build.0 = Debug|Any CPU
		{715EED8D-94FE-40ED-B3F7-59284FA6242B}.Release|Any CPU.ActiveCfg = Release|Any CPU
		{715EED8D-94FE-40ED-B3F7-59284FA6242B}.Release|Any CPU.Build.0 = Release|Any CPU
		{715EED8D-94FE-40ED-B3F7-59284FA6242B}.Release|x64.ActiveCfg = Release|Any CPU
		{715EED8D-94FE-40ED-B3F7-59284FA6242B}.Release|x64.Build.0 = Release|Any CPU
		{715EED8D-94FE-40ED-B3F7-59284FA6242B}.Release|x86.ActiveCfg = Release|Any CPU
		{715EED8D-94FE-40ED-B3F7-59284FA6242B}.Release|x86.Build.0 = Release|Any CPU
		{A35B4457-7415-4A1B-94BC-D62E6EDACD51}.Debug|Any CPU.ActiveCfg = Debug|Any CPU
		{A35B4457-7415-4A1B-94BC-D62E6EDACD51}.Debug|Any CPU.Build.0 = Debug|Any CPU
		{A35B4457-7415-4A1B-94BC-D62E6EDACD51}.Debug|x64.ActiveCfg = Debug|Any CPU
		{A35B4457-7415-4A1B-94BC-D62E6EDACD51}.Debug|x64.Build.0 = Debug|Any CPU
		{A35B4457-7415-4A1B-94BC-D62E6EDACD51}.Debug|x86.ActiveCfg = Debug|Any CPU
		{A35B4457-7415-4A1B-94BC-D62E6EDACD51}.Debug|x86.Build.0 = Debug|Any CPU
		{A35B4457-7415-4A1B-94BC-D62E6EDACD51}.Release|Any CPU.ActiveCfg = Release|x86
		{A35B4457-7415-4A1B-94BC-D62E6EDACD51}.Release|Any CPU.Build.0 = Release|x86
		{A35B4457-7415-4A1B-94BC-D62E6EDACD51}.Release|x64.ActiveCfg = Release|x86
		{A35B4457-7415-4A1B-94BC-D62E6EDACD51}.Release|x64.Build.0 = Release|x86
		{A35B4457-7415-4A1B-94BC-D62E6EDACD51}.Release|x86.ActiveCfg = Release|x86
		{A35B4457-7415-4A1B-94BC-D62E6EDACD51}.Release|x86.Build.0 = Release|x86
	EndGlobalSection
	GlobalSection(SolutionProperties) = preSolution
		HideSolutionNode = FALSE
	EndGlobalSection
	GlobalSection(ExtensibilityGlobals) = postSolution
		SolutionGuid = {531923C7-CF6F-4E18-A9AA-B35E36564FF9}
	EndGlobalSection
EndGlobal
